// !$*UTF8*$!
{
	archiveVersion = 1;
	classes = {
	};
	objectVersion = 46;
	objects = {

/* Begin PBXBuildFile section */
		86858A7D1D54B5520001ED98 /* AppDelegate.swift in Sources */ = {isa = PBXBuildFile; fileRef = 86858A7C1D54B5520001ED98 /* AppDelegate.swift */; };
		86858A7F1D54B5520001ED98 /* ViewController.swift in Sources */ = {isa = PBXBuildFile; fileRef = 86858A7E1D54B5520001ED98 /* ViewController.swift */; };
		86858A821D54B5520001ED98 /* Main.storyboard in Resources */ = {isa = PBXBuildFile; fileRef = 86858A801D54B5520001ED98 /* Main.storyboard */; };
		86858A841D54B5520001ED98 /* Assets.xcassets in Resources */ = {isa = PBXBuildFile; fileRef = 86858A831D54B5520001ED98 /* Assets.xcassets */; };
		86858A871D54B5520001ED98 /* LaunchScreen.storyboard in Resources */ = {isa = PBXBuildFile; fileRef = 86858A851D54B5520001ED98 /* LaunchScreen.storyboard */; };
/* End PBXBuildFile section */

/* Begin PBXFileReference section */
		86858A791D54B5520001ED98 /* CodeConstraints.app */ = {isa = PBXFileReference; explicitFileType = wrapper.application; includeInIndex = 0; path = CodeConstraints.app; sourceTree = BUILT_PRODUCTS_DIR; };
		86858A7C1D54B5520001ED98 /* AppDelegate.swift */ = {isa = PBXFileReference; lastKnownFileType = sourcecode.swift; path = AppDelegate.swift; sourceTree = "<group>"; };
		86858A7E1D54B5520001ED98 /* ViewController.swift */ = {isa = PBXFileReference; lastKnownFileType = sourcecode.swift; path = ViewController.swift; sourceTree = "<group>"; };
		86858A811D54B5520001ED98 /* Base */ = {isa = PBXFileReference; lastKnownFileType = file.storyboard; name = Base; path = Base.lproj/Main.storyboard; sourceTree = "<group>"; };
		86858A831D54B5520001ED98 /* Assets.xcassets */ = {isa = PBXFileReference; lastKnownFileType = folder.assetcatalog; path = Assets.xcassets; sourceTree = "<group>"; };
		86858A861D54B5520001ED98 /* Base */ = {isa = PBXFileReference; lastKnownFileType = file.storyboard; name = Base; path = Base.lproj/LaunchScreen.storyboard; sourceTree = "<group>"; };
		86858A881D54B5520001ED98 /* Info.plist */ = {isa = PBXFileReference; lastKnownFileType = text.plist.xml; path = Info.plist; sourceTree = "<group>"; };
/* End PBXFileReference section */

/* Begin PBXFrameworksBuildPhase section */
		86858A761D54B5520001ED98 /* Frameworks */ = {
			isa = PBXFrameworksBuildPhase;
			buildActionMask = 2147483647;
			files = (
			);
			runOnlyForDeploymentPostprocessing = 0;
		};
/* End PBXFrameworksBuildPhase section */

/* Begin PBXGroup section */
		86858A701D54B5520001ED98 = {
			isa = PBXGroup;
			children = (
				86858A7B1D54B5520001ED98 /* CodeConstraints */,
				86858A7A1D54B5520001ED98 /* Products */,
			);
			sourceTree = "<group>";
		};
		86858A7A1D54B5520001ED98 /* Products */ = {
			isa = PBXGroup;
			children = (
				86858A791D54B5520001ED98 /* CodeConstraints.app */,
			);
			name = Products;
			sourceTree = "<group>";
		};
		86858A7B1D54B5520001ED98 /* CodeConstraints */ = {
			isa = PBXGroup;
			children = (
				86858A7C1D54B5520001ED98 /* AppDelegate.swift */,
				86858A7E1D54B5520001ED98 /* ViewController.swift */,
				86858A801D54B5520001ED98 /* Main.storyboard */,
				86858A831D54B5520001ED98 /* Assets.xcassets */,
				86858A851D54B5520001ED98 /* LaunchScreen.storyboard */,
				86858A881D54B5520001ED98 /* Info.plist */,
			);
			path = CodeConstraints;
			sourceTree = "<group>";
		};
/* End PBXGroup section */

/* Begin PBXNativeTarget section */
		86858A781D54B5520001ED98 /* CodeConstraints */ = {
			isa = PBXNativeTarget;
			buildConfigurationList = 86858A8B1D54B5520001ED98 /* Build configuration list for PBXNativeTarget "CodeConstraints" */;
			buildPhases = (
				86858A751D54B5520001ED98 /* Sources */,
				86858A761D54B5520001ED98 /* Frameworks */,
				86858A771D54B5520001ED98 /* Resources */,
			);
			buildRules = (
			);
			dependencies = (
			);
			name = CodeConstraints;
			productName = CodeConstraints;
			productReference = 86858A791D54B5520001ED98 /* CodeConstraints.app */;
			productType = "com.apple.product-type.application";
		};
/* End PBXNativeTarget section */

/* Begin PBXProject section */
		86858A711D54B5520001ED98 /* Project object */ = {
			isa = PBXProject;
			attributes = {
				LastSwiftUpdateCheck = 0730;
				LastUpgradeCheck = 0730;
				ORGANIZATIONNAME = Training;
				TargetAttributes = {
					86858A781D54B5520001ED98 = {
						CreatedOnToolsVersion = 7.3.1;
					};
				};
			};
			buildConfigurationList = 86858A741D54B5520001ED98 /* Build configuration list for PBXProject "CodeConstraints" */;
			compatibilityVersion = "Xcode 3.2";
			developmentRegion = English;
			hasScannedForEncodings = 0;
			knownRegions = (
				en,
				Base,
			);
			mainGroup = 86858A701D54B5520001ED98;
			productRefGroup = 86858A7A1D54B5520001ED98 /* Products */;
			projectDirPath = "";
			projectRoot = "";
			targets = (
				86858A781D54B5520001ED98 /* CodeConstraints */,
			);
		};
/* End PBXProject section */

/* Begin PBXResourcesBuildPhase section */
		86858A771D54B5520001ED98 /* Resources */ = {
			isa = PBXResourcesBuildPhase;
			buildActionMask = 2147483647;
			files = (
				86858A871D54B5520001ED98 /* LaunchScreen.storyboard in Resources */,
				86858A841D54B5520001ED98 /* Assets.xcassets in Resources */,
				86858A821D54B5520001ED98 /* Main.storyboard in Resources */,
			);
			runOnlyForDeploymentPostprocessing = 0;
		};
/* End PBXResourcesBuildPhase section */

/* Begin PBXSourcesBuildPhase section */
		86858A751D54B5520001ED98 /* Sources */ = {
			isa = PBXSourcesBuildPhase;
			buildActionMask = 2147483647;
			files = (
				86858A7F1D54B5520001ED98 /* ViewController.swift in Sources */,
				86858A7D1D54B5520001ED98 /* AppDelegate.swift in Sources */,
			);
			runOnlyForDeploymentPostprocessing = 0;
		};
/* End PBXSourcesBuildPhase section */

/* Begin PBXVariantGroup section */
		86858A801D54B5520001ED98 /* Main.storyboard */ = {
			isa = PBXVariantGroup;
			children = (
				86858A811D54B5520001ED98 /* Base */,
			);
			name = Main.storyboard;
			sourceTree = "<group>";
		};
		86858A851D54B5520001ED98 /* LaunchScreen.storyboard */ = {
			isa = PBXVariantGroup;
			children = (
				86858A861D54B5520001ED98 /* Base */,
			);
			name = LaunchScreen.storyboard;
			sourceTree = "<group>";
		};
/* End PBXVariantGroup section */

/* Begin XCBuildConfiguration section */
		86858A891D54B5520001ED98 /* Debug */ = {
			isa = XCBuildConfiguration;
			buildSettings = {
				ALWAYS_SEARCH_USER_PATHS = NO;
				CLANG_ANALYZER_NONNULL = YES;
				CLANG_CXX_LANGUAGE_STANDARD = "gnu++0x";
				CLANG_CXX_LIBRARY = "libc++";
				CLANG_ENABLE_MODULES = YES;
				CLANG_ENABLE_OBJC_ARC = YES;
				CLANG_WARN_BOOL_CONVERSION = YES;
				CLANG_WARN_CONSTANT_CONVERSION = YES;
				CLANG_WARN_DIRECT_OBJC_ISA_USAGE = YES_ERROR;
				CLANG_WARN_EMPTY_BODY = YES;
				CLANG_WARN_ENUM_CONVERSION = YES;
				CLANG_WARN_INT_CONVERSION = YES;
				CLANG_WARN_OBJC_ROOT_CLASS = YES_ERROR;
				CLANG_WARN_UNREACHABLE_CODE = YES;
				CLANG_WARN__DUPLICATE_METHOD_MATCH = YES;
				"CODE_SIGN_IDENTITY[sdk=iphoneos*]" = "iPhone Developer";
				COPY_PHASE_STRIP = NO;
				DEBUG_INFORMATION_FORMAT = dwarf;
				ENABLE_STRICT_OBJC_MSGSEND = YES;
				ENABLE_TESTABILITY = YES;
				GCC_C_LANGUAGE_STANDARD = gnu99;
				GCC_DYNAMIC_NO_PIC = NO;
				GCC_NO_COMMON_BLOCKS = YES;
				GCC_OPTIMIZATION_LEVEL = 0;
				GCC_PREPROCESSOR_DEFINITIONS = (
					"DEBUG=1",
					"$(inherited)",
				);
				GCC_WARN_64_TO_32_BIT_CONVERSION = YES;
				GCC_WARN_ABOUT_RETURN_TYPE = YES_ERROR;
				GCC_WARN_UNDECLARED_SELECTOR = YES;
				GCC_WARN_UNINITIALIZED_AUTOS = YES_AGGRESSIVE;
				GCC_WARN_UNUSED_FUNCTION = YES;
				GCC_WARN_UNUSED_VARIABLE = YES;
				IPHONEOS_DEPLOYMENT_TARGET = 9.3;
				MTL_ENABLE_DEBUG_INFO = YES;
				ONLY_ACTIVE_ARCH = YES;
				SDKROOT = iphoneos;
				SWIFT_OPTIMIZATION_LEVEL = "-Onone";
			};
			name = Debug;
		};
		86858A8A1D54B5520001ED98 /* Release */ = {
			isa = XCBuildConfiguration;
			buildSettings = {
				ALWAYS_SEARCH_USER_PATHS = NO;
				CLANG_ANALYZER_NONNULL = YES;
				CLANG_CXX_LANGUAGE_STANDARD = "gnu++0x";
				CLANG_CXX_LIBRARY = "libc++";
				CLANG_ENABLE_MODULES = YES;
				CLANG_ENABLE_OBJC_ARC = YES;
				CLANG_WARN_BOOL_CONVERSION = YES;
				CLANG_WARN_CONSTANT_CONVERSION = YES;
				CLANG_WARN_DIRECT_OBJC_ISA_USAGE = YES_ERROR;
				CLANG_WARN_EMPTY_BODY = YES;
				CLANG_WARN_ENUM_CONVERSION = YES;
				CLANG_WARN_INT_CONVERSION = YES;
				CLANG_WARN_OBJC_ROOT_CLASS = YES_ERROR;
				CLANG_WARN_UNREACHABLE_CODE = YES;
				CLANG_WARN__DUPLICATE_METHOD_MATCH = YES;
				"CODE_SIGN_IDENTITY[sdk=iphoneos*]" = "iPhone Developer";
				COPY_PHASE_STRIP = NO;
				DEBUG_INFORMATION_FORMAT = "dwarf-with-dsym";
				ENABLE_NS_ASSERTIONS = NO;
				ENABLE_STRICT_OBJC_MSGSEND = YES;
				GCC_C_LANGUAGE_STANDARD = gnu99;
				GCC_NO_COMMON_BLOCKS = YES;
				GCC_WARN_64_TO_32_BIT_CONVERSION = YES;
				GCC_WARN_ABOUT_RETURN_TYPE = YES_ERROR;
				GCC_WARN_UNDECLARED_SELECTOR = YES;
				GCC_WARN_UNINITIALIZED_AUTOS = YES_AGGRESSIVE;
				GCC_WARN_UNUSED_FUNCTION = YES;
				GCC_WARN_UNUSED_VARIABLE = YES;
				IPHONEOS_DEPLOYMENT_TARGET = 9.3;
				MTL_ENABLE_DEBUG_INFO = NO;
				SDKROOT = iphoneos;
				VALIDATE_PRODUCT = YES;
			};
			name = Release;
		};
		86858A8C1D54B5520001ED98 /* Debug */ = {
			isa = XCBuildConfiguration;
			buildSettings = {
				ASSETCATALOG_COMPILER_APPICON_NAME = AppIcon;
				INFOPLIST_FILE = CodeConstraints/Info.plist;
				LD_RUNPATH_SEARCH_PATHS = "$(inherited) @executable_path/Frameworks";
				PRODUCT_BUNDLE_IDENTIFIER = com.brianAdvent.CodeConstraints;
				PRODUCT_NAME = "$(TARGET_NAME)";
			};
			name = Debug;
		};
		86858A8D1D54B5520001ED98 /* Release */ = {
			isa = XCBuildConfiguration;
			buildSettings = {
				ASSETCATALOG_COMPILER_APPICON_NAME = AppIcon;
				INFOPLIST_FILE = CodeConstraints/Info.plist;
				LD_RUNPATH_SEARCH_PATHS = "$(inherited) @executable_path/Frameworks";
				PRODUCT_BUNDLE_IDENTIFIER = com.brianAdvent.CodeConstraints;
				PRODUCT_NAME = "$(TARGET_NAME)";
			};
			name = Release;
		};
/* End XCBuildConfiguration section */

/* Begin XCConfigurationList section */
		86858A741D54B5520001ED98 /* Build configuration list for PBXProject "CodeConstraints" */ = {
			isa = XCConfigurationList;
			buildConfigurations = (
				86858A891D54B5520001ED98 /* Debug */,
				86858A8A1D54B5520001ED98 /* Release */,
			);
			defaultConfigurationIsVisible = 0;
			defaultConfigurationName = Release;
		};
		86858A8B1D54B5520001ED98 /* Build configuration list for PBXNativeTarget "CodeConstraints" */ = {
			isa = XCConfigurationList;
			buildConfigurations = (
				86858A8C1D54B5520001ED98 /* Debug */,
				86858A8D1D54B5520001ED98 /* Release */,
			);
			defaultConfigurationIsVisible = 0;
		};
/* End XCConfigurationList section */
	};
	rootObject = 86858A711D54B5520001ED98 /* Project object */;
}
